
Microsoft Visual Studio Solution File, Format Version 12.00
# Visual Studio Version 17
VisualStudioVersion = 17.5.33516.290
MinimumVisualStudioVersion = 10.0.40219.1
Project("{FAE04EC0-301F-11D3-BF4B-00C04F79EFBC}") = "CodeFirstApi", "CodeFirstApi\CodeFirstApi.csproj", "{DCCDA86D-16F6-4542-A15F-719256FFC626}"
EndProject
Project("{FAE04EC0-301F-11D3-BF4B-00C04F79EFBC}") = "DB", "DB\DB.csproj", "{D6F79C49-BCFA-4AC4-9CB4-12D019F6D807}"
EndProject
Global
	GlobalSection(SolutionConfigurationPlatforms) = preSolution
		Debug|Any CPU = Debug|Any CPU
		Release|Any CPU = Release|Any CPU
	EndGlobalSection
	GlobalSection(ProjectConfigurationPlatforms) = postSolution
		{DCCDA86D-16F6-4542-A15F-719256FFC626}.Debug|Any CPU.ActiveCfg = Debug|Any CPU
		{DCCDA86D-16F6-4542-A15F-719256FFC626}.Debug|Any CPU.Build.0 = Debug|Any CPU
		{DCCDA86D-16F6-4542-A15F-719256FFC626}.Release|Any CPU.ActiveCfg = Release|Any CPU
		{DCCDA86D-16F6-4542-A15F-719256FFC626}.Release|Any CPU.Build.0 = Release|Any CPU
		{D6F79C49-BCFA-4AC4-9CB4-12D019F6D807}.Debug|Any CPU.ActiveCfg = Debug|Any CPU
		{D6F79C49-BCFA-4AC4-9CB4-12D019F6D807}.Debug|Any CPU.Build.0 = Debug|Any CPU
		{D6F79C49-BCFA-4AC4-9CB4-12D019F6D807}.Release|Any CPU.ActiveCfg = Release|Any CPU
		{D6F79C49-BCFA-4AC4-9CB4-12D019F6D807}.Release|Any CPU.Build.0 = Release|Any CPU
	EndGlobalSection
	GlobalSection(SolutionProperties) = preSolution
		HideSolutionNode = FALSE
	EndGlobalSection
	GlobalSection(ExtensibilityGlobals) = postSolution
		SolutionGuid = {DB50D2D9-FA18-4184-AD56-EFFBC7763AA7}
	EndGlobalSection
EndGlobal
